// !$*UTF8*$!
{
	archiveVersion = 1;
	classes = {
	};
	objectVersion = 56;
	objects = {

/* Begin PBXBuildFile section */
		5175ADAE2C64F4AF00C9260A /* PeripheralListCell.swift in Sources */ = {isa = PBXBuildFile; fileRef = 5175ADAD2C64F4AF00C9260A /* PeripheralListCell.swift */; };
		5175ADB02C64FA1D00C9260A /* SFRssiView.swift in Sources */ = {isa = PBXBuildFile; fileRef = 5175ADAF2C64FA1D00C9260A /* SFRssiView.swift */; };
		51A6139F2C74C25A005990FC /* PeripheralModel.swift in Sources */ = {isa = PBXBuildFile; fileRef = 51A6139E2C74C25A005990FC /* PeripheralModel.swift */; };
		51A613A12C74C75F005990FC /* PeripheralListHeaderModel.swift in Sources */ = {isa = PBXBuildFile; fileRef = 51A613A02C74C75F005990FC /* PeripheralListHeaderModel.swift */; };
		51A613A42C74DAAA005990FC /* SFCMConnectView.swift in Sources */ = {isa = PBXBuildFile; fileRef = 51A613A32C74DAAA005990FC /* SFCMConnectView.swift */; };
		51A613A62C74DABD005990FC /* SFCMConnectModel.swift in Sources */ = {isa = PBXBuildFile; fileRef = 51A613A52C74DABD005990FC /* SFCMConnectModel.swift */; };
		51A613AB2C76216C005990FC /* Todo.swift in Sources */ = {isa = PBXBuildFile; fileRef = 51A613AA2C76216C005990FC /* Todo.swift */; };
		51B7A2BB2CFAAF540067D609 /* HttpDataProvider.swift in Sources */ = {isa = PBXBuildFile; fileRef = 51B7A2BA2CFAAF540067D609 /* HttpDataProvider.swift */; };
		51B7A2BD2CFAAF660067D609 /* DbDataProvider.swift in Sources */ = {isa = PBXBuildFile; fileRef = 51B7A2BC2CFAAF650067D609 /* DbDataProvider.swift */; };
		51DF13A02CF1CEA600838578 /* Localizable.xcstrings in Resources */ = {isa = PBXBuildFile; fileRef = 51DF139F2CF1CEA600838578 /* Localizable.xcstrings */; };
		51DF13A62CF1CF1400838578 /* SFColor.swift in Sources */ = {isa = PBXBuildFile; fileRef = 51DF13A22CF1CF1400838578 /* SFColor.swift */; };
		51DF13A72CF1CF1400838578 /* SFFont.swift in Sources */ = {isa = PBXBuildFile; fileRef = 51DF13A32CF1CF1400838578 /* SFFont.swift */; };
		51DF13A82CF1CF1400838578 /* SFText.swift in Sources */ = {isa = PBXBuildFile; fileRef = 51DF13A42CF1CF1400838578 /* SFText.swift */; };
		51DF13A92CF1CF1400838578 /* SFImage.swift in Sources */ = {isa = PBXBuildFile; fileRef = 51DF13A52CF1CF1400838578 /* SFImage.swift */; };
		51DF13B12CF207DE00838578 /* HomeVC.swift in Sources */ = {isa = PBXBuildFile; fileRef = 51DF13B02CF207DE00838578 /* HomeVC.swift */; };
		51DF13B32CF20CAF00838578 /* RootPage.swift in Sources */ = {isa = PBXBuildFile; fileRef = 51DF13B22CF20CAF00838578 /* RootPage.swift */; };
		51DF13BE2CF2B1BC00838578 /* ClientOptVC.swift in Sources */ = {isa = PBXBuildFile; fileRef = 51DF13BD2CF2B1BC00838578 /* ClientOptVC.swift */; };
		51DF13C42CF8B63B00838578 /* OptType.swift in Sources */ = {isa = PBXBuildFile; fileRef = 51DF13C32CF8B63B00838578 /* OptType.swift */; };
		51F77F402CF0A9D600B44CAB /* ClientScanOptModel.swift in Sources */ = {isa = PBXBuildFile; fileRef = 51F77F3F2CF0A9D600B44CAB /* ClientScanOptModel.swift */; };
		8D2468F1EDAD1E4AB2CFD4EA /* Pods_SFBleTool.framework in Frameworks */ = {isa = PBXBuildFile; fileRef = 4144B822BDD27C9242CA25FB /* Pods_SFBleTool.framework */; };
		DD0E2EB62CF4496E00200456 /* OptItem.swift in Sources */ = {isa = PBXBuildFile; fileRef = DD0E2EB52CF4496E00200456 /* OptItem.swift */; };
		DD0E2EB82CF4652500200456 /* OptModel.swift in Sources */ = {isa = PBXBuildFile; fileRef = DD0E2EB72CF4652500200456 /* OptModel.swift */; };
		DD0E2EBD2CF46A0500200456 /* OptDetailHeader.swift in Sources */ = {isa = PBXBuildFile; fileRef = DD0E2EBC2CF46A0500200456 /* OptDetailHeader.swift */; };
		DD214E862CF84C5000D0D493 /* BTUserModel.swift in Sources */ = {isa = PBXBuildFile; fileRef = DD214E852CF84C5000D0D493 /* BTUserModel.swift */; };
		DD2D06172D12CA4A002F02E8 /* BTUserModelJSON.swift in Sources */ = {isa = PBXBuildFile; fileRef = DD2D06162D12CA4A002F02E8 /* BTUserModelJSON.swift */; };
		DD2D06192D12D4AB002F02E8 /* OptModelJSON.swift in Sources */ = {isa = PBXBuildFile; fileRef = DD2D06182D12D4AB002F02E8 /* OptModelJSON.swift */; };
		DD2D06292D1435EC002F02E8 /* OptDetailNameView.swift in Sources */ = {isa = PBXBuildFile; fileRef = DD2D06282D1435EC002F02E8 /* OptDetailNameView.swift */; };
		DD4579BE2D003E42001FFCBD /* BuildInData.swift in Sources */ = {isa = PBXBuildFile; fileRef = DD4579BD2D003E42001FFCBD /* BuildInData.swift */; };
		DD56B5642D0689E700657DC1 /* ClientDatabase.swift in Sources */ = {isa = PBXBuildFile; fileRef = DD56B5632D0689E700657DC1 /* ClientDatabase.swift */; };
		DD56B5662D0689F100657DC1 /* ServerDatabase.swift in Sources */ = {isa = PBXBuildFile; fileRef = DD56B5652D0689F100657DC1 /* ServerDatabase.swift */; };
		DD5952DB2D09377D003F5781 /* LaunchConfig.swift in Sources */ = {isa = PBXBuildFile; fileRef = DD5952DA2D09377D003F5781 /* LaunchConfig.swift */; };
		DD630BFF2C965C4100A24C35 /* SFCMPeripheralAdvDetailItem.swift in Sources */ = {isa = PBXBuildFile; fileRef = DD630BFE2C965C4100A24C35 /* SFCMPeripheralAdvDetailItem.swift */; };
		DD630C052C966CDA00A24C35 /* SFCMPeripheralDetailHeaderView.swift in Sources */ = {isa = PBXBuildFile; fileRef = DD630C042C966CDA00A24C35 /* SFCMPeripheralDetailHeaderView.swift */; };
		DD6C32222D0FFE87009AE2D1 /* OptApi.swift in Sources */ = {isa = PBXBuildFile; fileRef = DD6C32212D0FFE87009AE2D1 /* OptApi.swift */; };
		DD6C32252D100085009AE2D1 /* DbUserDataProvider.swift in Sources */ = {isa = PBXBuildFile; fileRef = DD6C32242D100085009AE2D1 /* DbUserDataProvider.swift */; };
		DD6C32272D100098009AE2D1 /* DbOptDataProvider.swift in Sources */ = {isa = PBXBuildFile; fileRef = DD6C32262D100098009AE2D1 /* DbOptDataProvider.swift */; };
		DDA6489D2C619F5100F01858 /* AppDelegate.swift in Sources */ = {isa = PBXBuildFile; fileRef = DDA6489C2C619F5100F01858 /* AppDelegate.swift */; };
		DDA6489F2C619F5100F01858 /* SceneDelegate.swift in Sources */ = {isa = PBXBuildFile; fileRef = DDA6489E2C619F5100F01858 /* SceneDelegate.swift */; };
		DDA648A42C619F5100F01858 /* Base in Resources */ = {isa = PBXBuildFile; fileRef = DDA648A32C619F5100F01858 /* Base */; };
		DDA648A62C619F5200F01858 /* Assets.xcassets in Resources */ = {isa = PBXBuildFile; fileRef = DDA648A52C619F5200F01858 /* Assets.xcassets */; };
		DDA648A92C619F5200F01858 /* Base in Resources */ = {isa = PBXBuildFile; fileRef = DDA648A82C619F5200F01858 /* Base */; };
		DDA648B42C619F5200F01858 /* SFBleToolTests.swift in Sources */ = {isa = PBXBuildFile; fileRef = DDA648B32C619F5200F01858 /* SFBleToolTests.swift */; };
		DDA648BE2C619F5200F01858 /* SFBleToolUITests.swift in Sources */ = {isa = PBXBuildFile; fileRef = DDA648BD2C619F5200F01858 /* SFBleToolUITests.swift */; };
		DDA648C02C619F5200F01858 /* SFBleToolUITestsLaunchTests.swift in Sources */ = {isa = PBXBuildFile; fileRef = DDA648BF2C619F5200F01858 /* SFBleToolUITestsLaunchTests.swift */; };
		DDA648CD2C61A1E300F01858 /* SFEntranceVC.swift in Sources */ = {isa = PBXBuildFile; fileRef = DDA648CC2C61A1E300F01858 /* SFEntranceVC.swift */; };
		DDA648CF2C61A3DE00F01858 /* PeripheralListVC.swift in Sources */ = {isa = PBXBuildFile; fileRef = DDA648CE2C61A3DE00F01858 /* PeripheralListVC.swift */; };
		DDA648D12C61A3F000F01858 /* CentralListVC.swift in Sources */ = {isa = PBXBuildFile; fileRef = DDA648D02C61A3F000F01858 /* CentralListVC.swift */; };
		DDA648D62C61A86D00F01858 /* SFEntranceOptView.swift in Sources */ = {isa = PBXBuildFile; fileRef = DDA648D52C61A86D00F01858 /* SFEntranceOptView.swift */; };
		DDAC3D642C6DF66300AA87B4 /* SFCMPeripheralAdvDetailCell.swift in Sources */ = {isa = PBXBuildFile; fileRef = DDAC3D632C6DF66300AA87B4 /* SFCMPeripheralAdvDetailCell.swift */; };
		DDAC3D712C6F47F700AA87B4 /* SFCMPeripheralDetailTitleView.swift in Sources */ = {isa = PBXBuildFile; fileRef = DDAC3D702C6F47F700AA87B4 /* SFCMPeripheralDetailTitleView.swift */; };
		DDAC3D732C6F512700AA87B4 /* SFCMPeripheralLogCell.swift in Sources */ = {isa = PBXBuildFile; fileRef = DDAC3D722C6F512700AA87B4 /* SFCMPeripheralLogCell.swift */; };
		DDB518F92C6C526300A049DE /* SFCMPeripheralDetailVC.swift in Sources */ = {isa = PBXBuildFile; fileRef = DDB518F82C6C526300A049DE /* SFCMPeripheralDetailVC.swift */; };
		DDB518FE2C6C728300A049DE /* SFCMPeripheralAdvDetailVC.swift in Sources */ = {isa = PBXBuildFile; fileRef = DDB518FD2C6C728300A049DE /* SFCMPeripheralAdvDetailVC.swift */; };
		DDB519002C6C72C400A049DE /* SFCMPeripheralServiceDetailVC.swift in Sources */ = {isa = PBXBuildFile; fileRef = DDB518FF2C6C72C400A049DE /* SFCMPeripheralServiceDetailVC.swift */; };
		DDB519022C6C72E200A049DE /* SFCMPeripheralLogDetailVC.swift in Sources */ = {isa = PBXBuildFile; fileRef = DDB519012C6C72E200A049DE /* SFCMPeripheralLogDetailVC.swift */; };
		DDB519042C6C751A00A049DE /* SFCMPeripheralDetailSegmentView.swift in Sources */ = {isa = PBXBuildFile; fileRef = DDB519032C6C751A00A049DE /* SFCMPeripheralDetailSegmentView.swift */; };
		DDB895B02CF06D5100376F37 /* OptDetailStringCell.swift in Sources */ = {isa = PBXBuildFile; fileRef = DDB895AF2CF06D5100376F37 /* OptDetailStringCell.swift */; };
		DDB895B22CF06FF700376F37 /* OptDetailBoolCell.swift in Sources */ = {isa = PBXBuildFile; fileRef = DDB895B12CF06FF700376F37 /* OptDetailBoolCell.swift */; };
		DDB895B42CF0720900376F37 /* OptDetailCell.swift in Sources */ = {isa = PBXBuildFile; fileRef = DDB895B32CF0720900376F37 /* OptDetailCell.swift */; };
		DDB895BF2CF07F2200376F37 /* OptDetailVC.swift in Sources */ = {isa = PBXBuildFile; fileRef = DDB895BE2CF07F2200376F37 /* OptDetailVC.swift */; };
		DDB895C12CF0804B00376F37 /* OptListVC.swift in Sources */ = {isa = PBXBuildFile; fileRef = DDB895C02CF0804B00376F37 /* OptListVC.swift */; };
		DDB895C32CF0807200376F37 /* OptItemModel.swift in Sources */ = {isa = PBXBuildFile; fileRef = DDB895C22CF0807200376F37 /* OptItemModel.swift */; };
		DDB895C52CF0810F00376F37 /* OptListCell.swift in Sources */ = {isa = PBXBuildFile; fileRef = DDB895C42CF0810F00376F37 /* OptListCell.swift */; };
		DDB895D42CF0877F00376F37 /* ClientInitialOptModel.swift in Sources */ = {isa = PBXBuildFile; fileRef = DDB895D32CF0877F00376F37 /* ClientInitialOptModel.swift */; };
		DDB895D62CF0878D00376F37 /* ClientConnectOptModel.swift in Sources */ = {isa = PBXBuildFile; fileRef = DDB895D52CF0878D00376F37 /* ClientConnectOptModel.swift */; };
		DDB895D92CF08B0400376F37 /* UserCenterVC.swift in Sources */ = {isa = PBXBuildFile; fileRef = DDB895D82CF08B0400376F37 /* UserCenterVC.swift */; };
		DDB895DB2CF08B3300376F37 /* UserCenterItem.swift in Sources */ = {isa = PBXBuildFile; fileRef = DDB895DA2CF08B3300376F37 /* UserCenterItem.swift */; };
		DDB895DD2CF08C8F00376F37 /* UserCenterCell.swift in Sources */ = {isa = PBXBuildFile; fileRef = DDB895DC2CF08C8F00376F37 /* UserCenterCell.swift */; };
		DDE09DAD2C7470FB00E456B7 /* PeripheralListFilterModel.swift in Sources */ = {isa = PBXBuildFile; fileRef = DDE09DAC2C7470FB00E456B7 /* PeripheralListFilterModel.swift */; };
		DDE09DB02C7473AA00E456B7 /* PeripheralListSortModel.swift in Sources */ = {isa = PBXBuildFile; fileRef = DDE09DAF2C7473AA00E456B7 /* PeripheralListSortModel.swift */; };
		DDE09DB32C7473E400E456B7 /* PeripheralListSearchModel.swift in Sources */ = {isa = PBXBuildFile; fileRef = DDE09DB22C7473E400E456B7 /* PeripheralListSearchModel.swift */; };
		DDF08C032C85BC5900FB4B48 /* UserCenterHeader.swift in Sources */ = {isa = PBXBuildFile; fileRef = DDF08C022C85BC5900FB4B48 /* UserCenterHeader.swift */; };
		DDFA63E72C6339B8002E93F3 /* Main.storyboard in Resources */ = {isa = PBXBuildFile; fileRef = DDA648A22C619F5100F01858 /* Main.storyboard */; };
		DDFA63EA2C6339BE002E93F3 /* LaunchScreen.storyboard in Resources */ = {isa = PBXBuildFile; fileRef = DDA648A72C619F5200F01858 /* LaunchScreen.storyboard */; };
		DDFA63F32C635306002E93F3 /* SFUserDefault.swift in Sources */ = {isa = PBXBuildFile; fileRef = DDFA63F22C635306002E93F3 /* SFUserDefault.swift */; };
		DDFA63F72C636688002E93F3 /* PeripheralListHeader.swift in Sources */ = {isa = PBXBuildFile; fileRef = DDFA63F62C636688002E93F3 /* PeripheralListHeader.swift */; };
		DDFA63F92C6367F2002E93F3 /* PeripheralListSearchView.swift in Sources */ = {isa = PBXBuildFile; fileRef = DDFA63F82C6367F2002E93F3 /* PeripheralListSearchView.swift */; };
		DDFA63FB2C636804002E93F3 /* PeripheralListSortView.swift in Sources */ = {isa = PBXBuildFile; fileRef = DDFA63FA2C636804002E93F3 /* PeripheralListSortView.swift */; };
		DDFA63FD2C636856002E93F3 /* PeripheralListFilterView.swift in Sources */ = {isa = PBXBuildFile; fileRef = DDFA63FC2C636856002E93F3 /* PeripheralListFilterView.swift */; };
/* End PBXBuildFile section */

/* Begin PBXContainerItemProxy section */
		DDA648B02C619F5200F01858 /* PBXContainerItemProxy */ = {
			isa = PBXContainerItemProxy;
			containerPortal = DDA648912C619F5100F01858 /* Project object */;
			proxyType = 1;
			remoteGlobalIDString = DDA648982C619F5100F01858;
			remoteInfo = SFBleTool;
		};
		DDA648BA2C619F5200F01858 /* PBXContainerItemProxy */ = {
			isa = PBXContainerItemProxy;
			containerPortal = DDA648912C619F5100F01858 /* Project object */;
			proxyType = 1;
			remoteGlobalIDString = DDA648982C619F5100F01858;
			remoteInfo = SFBleTool;
		};
/* End PBXContainerItemProxy section */

/* Begin PBXFileReference section */
		3E6EC48F39B6D2CB4288A4C5 /* Pods-SFBleTool.debug.xcconfig */ = {isa = PBXFileReference; includeInIndex = 1; lastKnownFileType = text.xcconfig; name = "Pods-SFBleTool.debug.xcconfig"; path = "Target Support Files/Pods-SFBleTool/Pods-SFBleTool.debug.xcconfig"; sourceTree = "<group>"; };
		4144B822BDD27C9242CA25FB /* Pods_SFBleTool.framework */ = {isa = PBXFileReference; explicitFileType = wrapper.framework; includeInIndex = 0; path = Pods_SFBleTool.framework; sourceTree = BUILT_PRODUCTS_DIR; };
		5175ADAD2C64F4AF00C9260A /* PeripheralListCell.swift */ = {isa = PBXFileReference; lastKnownFileType = sourcecode.swift; path = PeripheralListCell.swift; sourceTree = "<group>"; };
		5175ADAF2C64FA1D00C9260A /* SFRssiView.swift */ = {isa = PBXFileReference; lastKnownFileType = sourcecode.swift; path = SFRssiView.swift; sourceTree = "<group>"; };
		51A6139E2C74C25A005990FC /* PeripheralModel.swift */ = {isa = PBXFileReference; lastKnownFileType = sourcecode.swift; path = PeripheralModel.swift; sourceTree = "<group>"; };
		51A613A02C74C75F005990FC /* PeripheralListHeaderModel.swift */ = {isa = PBXFileReference; lastKnownFileType = sourcecode.swift; path = PeripheralListHeaderModel.swift; sourceTree = "<group>"; };
		51A613A32C74DAAA005990FC /* SFCMConnectView.swift */ = {isa = PBXFileReference; lastKnownFileType = sourcecode.swift; path = SFCMConnectView.swift; sourceTree = "<group>"; };
		51A613A52C74DABD005990FC /* SFCMConnectModel.swift */ = {isa = PBXFileReference; lastKnownFileType = sourcecode.swift; path = SFCMConnectModel.swift; sourceTree = "<group>"; };
		51A613AA2C76216C005990FC /* Todo.swift */ = {isa = PBXFileReference; lastKnownFileType = sourcecode.swift; path = Todo.swift; sourceTree = "<group>"; };
		51B7A2BA2CFAAF540067D609 /* HttpDataProvider.swift */ = {isa = PBXFileReference; lastKnownFileType = sourcecode.swift; path = HttpDataProvider.swift; sourceTree = "<group>"; };
		51B7A2BC2CFAAF650067D609 /* DbDataProvider.swift */ = {isa = PBXFileReference; lastKnownFileType = sourcecode.swift; path = DbDataProvider.swift; sourceTree = "<group>"; };
		51DF139F2CF1CEA600838578 /* Localizable.xcstrings */ = {isa = PBXFileReference; lastKnownFileType = text.json.xcstrings; path = Localizable.xcstrings; sourceTree = "<group>"; };
		51DF13A22CF1CF1400838578 /* SFColor.swift */ = {isa = PBXFileReference; fileEncoding = 4; lastKnownFileType = sourcecode.swift; path = SFColor.swift; sourceTree = "<group>"; };
		51DF13A32CF1CF1400838578 /* SFFont.swift */ = {isa = PBXFileReference; fileEncoding = 4; lastKnownFileType = sourcecode.swift; path = SFFont.swift; sourceTree = "<group>"; };
		51DF13A42CF1CF1400838578 /* SFText.swift */ = {isa = PBXFileReference; fileEncoding = 4; lastKnownFileType = sourcecode.swift; path = SFText.swift; sourceTree = "<group>"; };
		51DF13A52CF1CF1400838578 /* SFImage.swift */ = {isa = PBXFileReference; fileEncoding = 4; lastKnownFileType = sourcecode.swift; path = SFImage.swift; sourceTree = "<group>"; };
		51DF13B02CF207DE00838578 /* HomeVC.swift */ = {isa = PBXFileReference; lastKnownFileType = sourcecode.swift; path = HomeVC.swift; sourceTree = "<group>"; };
		51DF13B22CF20CAF00838578 /* RootPage.swift */ = {isa = PBXFileReference; lastKnownFileType = sourcecode.swift; path = RootPage.swift; sourceTree = "<group>"; };
		51DF13BD2CF2B1BC00838578 /* ClientOptVC.swift */ = {isa = PBXFileReference; lastKnownFileType = sourcecode.swift; path = ClientOptVC.swift; sourceTree = "<group>"; };
		51DF13C32CF8B63B00838578 /* OptType.swift */ = {isa = PBXFileReference; lastKnownFileType = sourcecode.swift; path = OptType.swift; sourceTree = "<group>"; };
		51F77F3F2CF0A9D600B44CAB /* ClientScanOptModel.swift */ = {isa = PBXFileReference; lastKnownFileType = sourcecode.swift; path = ClientScanOptModel.swift; sourceTree = "<group>"; };
		947209E9BB09B6D52FE5980D /* Pods-SFBleTool.release.xcconfig */ = {isa = PBXFileReference; includeInIndex = 1; lastKnownFileType = text.xcconfig; name = "Pods-SFBleTool.release.xcconfig"; path = "Target Support Files/Pods-SFBleTool/Pods-SFBleTool.release.xcconfig"; sourceTree = "<group>"; };
		DD0E2EB52CF4496E00200456 /* OptItem.swift */ = {isa = PBXFileReference; lastKnownFileType = sourcecode.swift; path = OptItem.swift; sourceTree = "<group>"; };
		DD0E2EB72CF4652500200456 /* OptModel.swift */ = {isa = PBXFileReference; lastKnownFileType = sourcecode.swift; path = OptModel.swift; sourceTree = "<group>"; };
		DD0E2EBC2CF46A0500200456 /* OptDetailHeader.swift */ = {isa = PBXFileReference; lastKnownFileType = sourcecode.swift; path = OptDetailHeader.swift; sourceTree = "<group>"; };
		DD214E852CF84C5000D0D493 /* BTUserModel.swift */ = {isa = PBXFileReference; lastKnownFileType = sourcecode.swift; path = BTUserModel.swift; sourceTree = "<group>"; };
		DD2D06162D12CA4A002F02E8 /* BTUserModelJSON.swift */ = {isa = PBXFileReference; lastKnownFileType = sourcecode.swift; path = BTUserModelJSON.swift; sourceTree = "<group>"; };
		DD2D06182D12D4AB002F02E8 /* OptModelJSON.swift */ = {isa = PBXFileReference; lastKnownFileType = sourcecode.swift; path = OptModelJSON.swift; sourceTree = "<group>"; };
		DD2D06282D1435EC002F02E8 /* OptDetailNameView.swift */ = {isa = PBXFileReference; lastKnownFileType = sourcecode.swift; path = OptDetailNameView.swift; sourceTree = "<group>"; };
		DD4579BD2D003E42001FFCBD /* BuildInData.swift */ = {isa = PBXFileReference; lastKnownFileType = sourcecode.swift; path = BuildInData.swift; sourceTree = "<group>"; };
		DD56B5632D0689E700657DC1 /* ClientDatabase.swift */ = {isa = PBXFileReference; lastKnownFileType = sourcecode.swift; path = ClientDatabase.swift; sourceTree = "<group>"; };
		DD56B5652D0689F100657DC1 /* ServerDatabase.swift */ = {isa = PBXFileReference; lastKnownFileType = sourcecode.swift; path = ServerDatabase.swift; sourceTree = "<group>"; };
		DD5952DA2D09377D003F5781 /* LaunchConfig.swift */ = {isa = PBXFileReference; lastKnownFileType = sourcecode.swift; path = LaunchConfig.swift; sourceTree = "<group>"; };
		DD630BFE2C965C4100A24C35 /* SFCMPeripheralAdvDetailItem.swift */ = {isa = PBXFileReference; lastKnownFileType = sourcecode.swift; path = SFCMPeripheralAdvDetailItem.swift; sourceTree = "<group>"; };
		DD630C042C966CDA00A24C35 /* SFCMPeripheralDetailHeaderView.swift */ = {isa = PBXFileReference; lastKnownFileType = sourcecode.swift; path = SFCMPeripheralDetailHeaderView.swift; sourceTree = "<group>"; };
		DD6C32212D0FFE87009AE2D1 /* OptApi.swift */ = {isa = PBXFileReference; lastKnownFileType = sourcecode.swift; path = OptApi.swift; sourceTree = "<group>"; };
		DD6C32242D100085009AE2D1 /* DbUserDataProvider.swift */ = {isa = PBXFileReference; lastKnownFileType = sourcecode.swift; path = DbUserDataProvider.swift; sourceTree = "<group>"; };
		DD6C32262D100098009AE2D1 /* DbOptDataProvider.swift */ = {isa = PBXFileReference; lastKnownFileType = sourcecode.swift; path = DbOptDataProvider.swift; sourceTree = "<group>"; };
		DDA648992C619F5100F01858 /* SFBleTool.app */ = {isa = PBXFileReference; explicitFileType = wrapper.application; includeInIndex = 0; path = SFBleTool.app; sourceTree = BUILT_PRODUCTS_DIR; };
		DDA6489C2C619F5100F01858 /* AppDelegate.swift */ = {isa = PBXFileReference; lastKnownFileType = sourcecode.swift; path = AppDelegate.swift; sourceTree = "<group>"; };
		DDA6489E2C619F5100F01858 /* SceneDelegate.swift */ = {isa = PBXFileReference; lastKnownFileType = sourcecode.swift; path = SceneDelegate.swift; sourceTree = "<group>"; };
		DDA648A32C619F5100F01858 /* Base */ = {isa = PBXFileReference; lastKnownFileType = file.storyboard; name = Base; path = Base.lproj/Main.storyboard; sourceTree = "<group>"; };
		DDA648A52C619F5200F01858 /* Assets.xcassets */ = {isa = PBXFileReference; lastKnownFileType = folder.assetcatalog; path = Assets.xcassets; sourceTree = "<group>"; };
		DDA648A82C619F5200F01858 /* Base */ = {isa = PBXFileReference; lastKnownFileType = file.storyboard; name = Base; path = Base.lproj/LaunchScreen.storyboard; sourceTree = "<group>"; };
		DDA648AA2C619F5200F01858 /* Info.plist */ = {isa = PBXFileReference; lastKnownFileType = text.plist.xml; path = Info.plist; sourceTree = "<group>"; };
		DDA648AF2C619F5200F01858 /* SFBleToolTests.xctest */ = {isa = PBXFileReference; explicitFileType = wrapper.cfbundle; includeInIndex = 0; path = SFBleToolTests.xctest; sourceTree = BUILT_PRODUCTS_DIR; };
		DDA648B32C619F5200F01858 /* SFBleToolTests.swift */ = {isa = PBXFileReference; lastKnownFileType = sourcecode.swift; path = SFBleToolTests.swift; sourceTree = "<group>"; };
		DDA648B92C619F5200F01858 /* SFBleToolUITests.xctest */ = {isa = PBXFileReference; explicitFileType = wrapper.cfbundle; includeInIndex = 0; path = SFBleToolUITests.xctest; sourceTree = BUILT_PRODUCTS_DIR; };
		DDA648BD2C619F5200F01858 /* SFBleToolUITests.swift */ = {isa = PBXFileReference; lastKnownFileType = sourcecode.swift; path = SFBleToolUITests.swift; sourceTree = "<group>"; };
		DDA648BF2C619F5200F01858 /* SFBleToolUITestsLaunchTests.swift */ = {isa = PBXFileReference; lastKnownFileType = sourcecode.swift; path = SFBleToolUITestsLaunchTests.swift; sourceTree = "<group>"; };
		DDA648CC2C61A1E300F01858 /* SFEntranceVC.swift */ = {isa = PBXFileReference; lastKnownFileType = sourcecode.swift; path = SFEntranceVC.swift; sourceTree = "<group>"; };
		DDA648CE2C61A3DE00F01858 /* PeripheralListVC.swift */ = {isa = PBXFileReference; lastKnownFileType = sourcecode.swift; path = PeripheralListVC.swift; sourceTree = "<group>"; };
		DDA648D02C61A3F000F01858 /* CentralListVC.swift */ = {isa = PBXFileReference; lastKnownFileType = sourcecode.swift; path = CentralListVC.swift; sourceTree = "<group>"; };
		DDA648D52C61A86D00F01858 /* SFEntranceOptView.swift */ = {isa = PBXFileReference; lastKnownFileType = sourcecode.swift; path = SFEntranceOptView.swift; sourceTree = "<group>"; };
		DDAC3D632C6DF66300AA87B4 /* SFCMPeripheralAdvDetailCell.swift */ = {isa = PBXFileReference; lastKnownFileType = sourcecode.swift; path = SFCMPeripheralAdvDetailCell.swift; sourceTree = "<group>"; };
		DDAC3D702C6F47F700AA87B4 /* SFCMPeripheralDetailTitleView.swift */ = {isa = PBXFileReference; lastKnownFileType = sourcecode.swift; path = SFCMPeripheralDetailTitleView.swift; sourceTree = "<group>"; };
		DDAC3D722C6F512700AA87B4 /* SFCMPeripheralLogCell.swift */ = {isa = PBXFileReference; lastKnownFileType = sourcecode.swift; path = SFCMPeripheralLogCell.swift; sourceTree = "<group>"; };
		DDB518F82C6C526300A049DE /* SFCMPeripheralDetailVC.swift */ = {isa = PBXFileReference; lastKnownFileType = sourcecode.swift; path = SFCMPeripheralDetailVC.swift; sourceTree = "<group>"; };
		DDB518FD2C6C728300A049DE /* SFCMPeripheralAdvDetailVC.swift */ = {isa = PBXFileReference; lastKnownFileType = sourcecode.swift; path = SFCMPeripheralAdvDetailVC.swift; sourceTree = "<group>"; };
		DDB518FF2C6C72C400A049DE /* SFCMPeripheralServiceDetailVC.swift */ = {isa = PBXFileReference; lastKnownFileType = sourcecode.swift; path = SFCMPeripheralServiceDetailVC.swift; sourceTree = "<group>"; };
		DDB519012C6C72E200A049DE /* SFCMPeripheralLogDetailVC.swift */ = {isa = PBXFileReference; lastKnownFileType = sourcecode.swift; path = SFCMPeripheralLogDetailVC.swift; sourceTree = "<group>"; };
		DDB519032C6C751A00A049DE /* SFCMPeripheralDetailSegmentView.swift */ = {isa = PBXFileReference; lastKnownFileType = sourcecode.swift; path = SFCMPeripheralDetailSegmentView.swift; sourceTree = "<group>"; };
		DDB895AF2CF06D5100376F37 /* OptDetailStringCell.swift */ = {isa = PBXFileReference; lastKnownFileType = sourcecode.swift; path = OptDetailStringCell.swift; sourceTree = "<group>"; };
		DDB895B12CF06FF700376F37 /* OptDetailBoolCell.swift */ = {isa = PBXFileReference; lastKnownFileType = sourcecode.swift; path = OptDetailBoolCell.swift; sourceTree = "<group>"; };
		DDB895B32CF0720900376F37 /* OptDetailCell.swift */ = {isa = PBXFileReference; lastKnownFileType = sourcecode.swift; path = OptDetailCell.swift; sourceTree = "<group>"; };
		DDB895BE2CF07F2200376F37 /* OptDetailVC.swift */ = {isa = PBXFileReference; lastKnownFileType = sourcecode.swift; path = OptDetailVC.swift; sourceTree = "<group>"; };
		DDB895C02CF0804B00376F37 /* OptListVC.swift */ = {isa = PBXFileReference; lastKnownFileType = sourcecode.swift; path = OptListVC.swift; sourceTree = "<group>"; };
		DDB895C22CF0807200376F37 /* OptItemModel.swift */ = {isa = PBXFileReference; lastKnownFileType = sourcecode.swift; path = OptItemModel.swift; sourceTree = "<group>"; };
		DDB895C42CF0810F00376F37 /* OptListCell.swift */ = {isa = PBXFileReference; lastKnownFileType = sourcecode.swift; path = OptListCell.swift; sourceTree = "<group>"; };
		DDB895D32CF0877F00376F37 /* ClientInitialOptModel.swift */ = {isa = PBXFileReference; lastKnownFileType = sourcecode.swift; path = ClientInitialOptModel.swift; sourceTree = "<group>"; };
		DDB895D52CF0878D00376F37 /* ClientConnectOptModel.swift */ = {isa = PBXFileReference; lastKnownFileType = sourcecode.swift; path = ClientConnectOptModel.swift; sourceTree = "<group>"; };
		DDB895D82CF08B0400376F37 /* UserCenterVC.swift */ = {isa = PBXFileReference; lastKnownFileType = sourcecode.swift; path = UserCenterVC.swift; sourceTree = "<group>"; };
		DDB895DA2CF08B3300376F37 /* UserCenterItem.swift */ = {isa = PBXFileReference; lastKnownFileType = sourcecode.swift; path = UserCenterItem.swift; sourceTree = "<group>"; };
		DDB895DC2CF08C8F00376F37 /* UserCenterCell.swift */ = {isa = PBXFileReference; lastKnownFileType = sourcecode.swift; path = UserCenterCell.swift; sourceTree = "<group>"; };
		DDE09DAC2C7470FB00E456B7 /* PeripheralListFilterModel.swift */ = {isa = PBXFileReference; lastKnownFileType = sourcecode.swift; path = PeripheralListFilterModel.swift; sourceTree = "<group>"; };
		DDE09DAF2C7473AA00E456B7 /* PeripheralListSortModel.swift */ = {isa = PBXFileReference; lastKnownFileType = sourcecode.swift; path = PeripheralListSortModel.swift; sourceTree = "<group>"; };
		DDE09DB22C7473E400E456B7 /* PeripheralListSearchModel.swift */ = {isa = PBXFileReference; lastKnownFileType = sourcecode.swift; path = PeripheralListSearchModel.swift; sourceTree = "<group>"; };
		DDF08C022C85BC5900FB4B48 /* UserCenterHeader.swift */ = {isa = PBXFileReference; lastKnownFileType = sourcecode.swift; path = UserCenterHeader.swift; sourceTree = "<group>"; };
		DDFA63E32C633912002E93F3 /* zh-Hans */ = {isa = PBXFileReference; lastKnownFileType = text.plist.strings; name = "zh-Hans"; path = "zh-Hans.lproj/Main.strings"; sourceTree = "<group>"; };
		DDFA63E42C633912002E93F3 /* zh-Hans */ = {isa = PBXFileReference; lastKnownFileType = text.plist.strings; name = "zh-Hans"; path = "zh-Hans.lproj/LaunchScreen.strings"; sourceTree = "<group>"; };
		DDFA63E62C6339B4002E93F3 /* en */ = {isa = PBXFileReference; lastKnownFileType = text.plist.strings; name = en; path = en.lproj/Main.strings; sourceTree = "<group>"; };
		DDFA63E92C6339BD002E93F3 /* en */ = {isa = PBXFileReference; lastKnownFileType = text.plist.strings; name = en; path = en.lproj/LaunchScreen.strings; sourceTree = "<group>"; };
		DDFA63F22C635306002E93F3 /* SFUserDefault.swift */ = {isa = PBXFileReference; lastKnownFileType = sourcecode.swift; path = SFUserDefault.swift; sourceTree = "<group>"; };
		DDFA63F62C636688002E93F3 /* PeripheralListHeader.swift */ = {isa = PBXFileReference; lastKnownFileType = sourcecode.swift; path = PeripheralListHeader.swift; sourceTree = "<group>"; };
		DDFA63F82C6367F2002E93F3 /* PeripheralListSearchView.swift */ = {isa = PBXFileReference; lastKnownFileType = sourcecode.swift; path = PeripheralListSearchView.swift; sourceTree = "<group>"; };
		DDFA63FA2C636804002E93F3 /* PeripheralListSortView.swift */ = {isa = PBXFileReference; lastKnownFileType = sourcecode.swift; path = PeripheralListSortView.swift; sourceTree = "<group>"; };
		DDFA63FC2C636856002E93F3 /* PeripheralListFilterView.swift */ = {isa = PBXFileReference; lastKnownFileType = sourcecode.swift; path = PeripheralListFilterView.swift; sourceTree = "<group>"; };
/* End PBXFileReference section */

/* Begin PBXFrameworksBuildPhase section */
		DDA648962C619F5100F01858 /* Frameworks */ = {
			isa = PBXFrameworksBuildPhase;
			buildActionMask = 2147483647;
			files = (
				8D2468F1EDAD1E4AB2CFD4EA /* Pods_SFBleTool.framework in Frameworks */,
			);
			runOnlyForDeploymentPostprocessing = 0;
		};
		DDA648AC2C619F5200F01858 /* Frameworks */ = {
			isa = PBXFrameworksBuildPhase;
			buildActionMask = 2147483647;
			files = (
			);
			runOnlyForDeploymentPostprocessing = 0;
		};
		DDA648B62C619F5200F01858 /* Frameworks */ = {
			isa = PBXFrameworksBuildPhase;
			buildActionMask = 2147483647;
			files = (
			);
			runOnlyForDeploymentPostprocessing = 0;
		};
/* End PBXFrameworksBuildPhase section */

/* Begin PBXGroup section */
		51A6139D2C74BE2B005990FC /* Header */ = {
			isa = PBXGroup;
			children = (
				DDE09DB12C7473BD00E456B7 /* Search */,
				DDE09DAE2C74739300E456B7 /* Sort */,
				DDE09DAB2C7470E000E456B7 /* Filter */,
				DDFA63F62C636688002E93F3 /* PeripheralListHeader.swift */,
				51A613A02C74C75F005990FC /* PeripheralListHeaderModel.swift */,
			);
			path = Header;
			sourceTree = "<group>";
		};
		51A613A22C74DA89005990FC /* Connect */ = {
			isa = PBXGroup;
			children = (
				51A613A32C74DAAA005990FC /* SFCMConnectView.swift */,
				51A613A52C74DABD005990FC /* SFCMConnectModel.swift */,
			);
			path = Connect;
			sourceTree = "<group>";
		};
		51B7A29D2CFAAD230067D609 /* DataProvider */ = {
			isa = PBXGroup;
			children = (
				51B7A2BA2CFAAF540067D609 /* HttpDataProvider.swift */,
				DD6C32232D10004D009AE2D1 /* DbDataProvider */,
			);
			path = DataProvider;
			sourceTree = "<group>";
		};
		51DF13A12CF1CF1400838578 /* Resource */ = {
			isa = PBXGroup;
			children = (
				DDA648A52C619F5200F01858 /* Assets.xcassets */,
				51DF139F2CF1CEA600838578 /* Localizable.xcstrings */,
				51DF13A22CF1CF1400838578 /* SFColor.swift */,
				51DF13A32CF1CF1400838578 /* SFFont.swift */,
				51DF13A42CF1CF1400838578 /* SFText.swift */,
				51DF13A52CF1CF1400838578 /* SFImage.swift */,
			);
			path = Resource;
			sourceTree = "<group>";
		};
		51DF13AF2CF207A200838578 /* Home */ = {
			isa = PBXGroup;
			children = (
				51DF13B02CF207DE00838578 /* HomeVC.swift */,
				DDB895DF2CF0911500376F37 /* Server */,
				DDB895DE2CF0910800376F37 /* Client */,
			);
			path = Home;
			sourceTree = "<group>";
		};
		51DF13B72CF2AE7A00838578 /* Client */ = {
			isa = PBXGroup;
			children = (
				51DF13BD2CF2B1BC00838578 /* ClientOptVC.swift */,
				51DF13B92CF2AE8C00838578 /* Initial */,
				51DF13BA2CF2AE9800838578 /* Scan */,
				51DF13BB2CF2AEA200838578 /* Connect */,
			);
			path = Client;
			sourceTree = "<group>";
		};
		51DF13B82CF2AE8400838578 /* Server */ = {
			isa = PBXGroup;
			children = (
			);
			path = Server;
			sourceTree = "<group>";
		};
		51DF13B92CF2AE8C00838578 /* Initial */ = {
			isa = PBXGroup;
			children = (
				DDB895D32CF0877F00376F37 /* ClientInitialOptModel.swift */,
			);
			path = Initial;
			sourceTree = "<group>";
		};
		51DF13BA2CF2AE9800838578 /* Scan */ = {
			isa = PBXGroup;
			children = (
				51F77F3F2CF0A9D600B44CAB /* ClientScanOptModel.swift */,
			);
			path = Scan;
			sourceTree = "<group>";
		};
		51DF13BB2CF2AEA200838578 /* Connect */ = {
			isa = PBXGroup;
			children = (
				DDB895D52CF0878D00376F37 /* ClientConnectOptModel.swift */,
			);
			path = Connect;
			sourceTree = "<group>";
		};
		51DF13BC2CF2AF5100838578 /* Base */ = {
			isa = PBXGroup;
			children = (
				DD0E2EB92CF4696300200456 /* Model */,
				DD0E2EBA2CF4697500200456 /* List */,
				DD0E2EBB2CF4697C00200456 /* Detail */,
			);
			path = Base;
			sourceTree = "<group>";
		};
		56BF08185ED182C7CD474D48 /* Pods */ = {
			isa = PBXGroup;
			children = (
				3E6EC48F39B6D2CB4288A4C5 /* Pods-SFBleTool.debug.xcconfig */,
				947209E9BB09B6D52FE5980D /* Pods-SFBleTool.release.xcconfig */,
			);
			path = Pods;
			sourceTree = "<group>";
		};
		DD0E2EB92CF4696300200456 /* Model */ = {
			isa = PBXGroup;
			children = (
				DDB895C22CF0807200376F37 /* OptItemModel.swift */,
				DD0E2EB72CF4652500200456 /* OptModel.swift */,
				DD2D06182D12D4AB002F02E8 /* OptModelJSON.swift */,
				DD0E2EB52CF4496E00200456 /* OptItem.swift */,
				51DF13C32CF8B63B00838578 /* OptType.swift */,
			);
			path = Model;
			sourceTree = "<group>";
		};
		DD0E2EBA2CF4697500200456 /* List */ = {
			isa = PBXGroup;
			children = (
				DDB895C02CF0804B00376F37 /* OptListVC.swift */,
				DDB895C42CF0810F00376F37 /* OptListCell.swift */,
			);
			path = List;
			sourceTree = "<group>";
		};
		DD0E2EBB2CF4697C00200456 /* Detail */ = {
			isa = PBXGroup;
			children = (
				DDB895BE2CF07F2200376F37 /* OptDetailVC.swift */,
				DD2D06282D1435EC002F02E8 /* OptDetailNameView.swift */,
				DD0E2EBC2CF46A0500200456 /* OptDetailHeader.swift */,
				DDB895B32CF0720900376F37 /* OptDetailCell.swift */,
				DDB895AF2CF06D5100376F37 /* OptDetailStringCell.swift */,
				DDB895B12CF06FF700376F37 /* OptDetailBoolCell.swift */,
			);
			path = Detail;
			sourceTree = "<group>";
		};
		DD56B5672D068A0B00657DC1 /* Database */ = {
			isa = PBXGroup;
			children = (
				DD56B5632D0689E700657DC1 /* ClientDatabase.swift */,
				DD56B5652D0689F100657DC1 /* ServerDatabase.swift */,
				DD4579BD2D003E42001FFCBD /* BuildInData.swift */,
			);
			path = Database;
			sourceTree = "<group>";
		};
		DD5952D82D0936F4003F5781 /* AppDelegate */ = {
			isa = PBXGroup;
			children = (
				DDA6489C2C619F5100F01858 /* AppDelegate.swift */,
				DD5952DA2D09377D003F5781 /* LaunchConfig.swift */,
			);
			path = AppDelegate;
			sourceTree = "<group>";
		};
		DD5952D92D093700003F5781 /* SceneDelegate */ = {
			isa = PBXGroup;
			children = (
				DDA6489E2C619F5100F01858 /* SceneDelegate.swift */,
				51DF13B22CF20CAF00838578 /* RootPage.swift */,
			);
			path = SceneDelegate;
			sourceTree = "<group>";
		};
		DD6C32202D0FFE42009AE2D1 /* Api */ = {
			isa = PBXGroup;
			children = (
				DD6C32212D0FFE87009AE2D1 /* OptApi.swift */,
			);
			path = Api;
			sourceTree = "<group>";
		};
		DD6C32232D10004D009AE2D1 /* DbDataProvider */ = {
			isa = PBXGroup;
			children = (
				51B7A2BC2CFAAF650067D609 /* DbDataProvider.swift */,
				DD6C32242D100085009AE2D1 /* DbUserDataProvider.swift */,
				DD6C32262D100098009AE2D1 /* DbOptDataProvider.swift */,
			);
			path = DbDataProvider;
			sourceTree = "<group>";
		};
		DD8BBB8A2C95200100DE12E5 /* Com */ = {
			isa = PBXGroup;
			children = (
				5175ADAF2C64FA1D00C9260A /* SFRssiView.swift */,
			);
			path = Com;
			sourceTree = "<group>";
		};
		DDA648902C619F5100F01858 = {
			isa = PBXGroup;
			children = (
				DDA6489B2C619F5100F01858 /* SFBleTool */,
				DDA648B22C619F5200F01858 /* SFBleToolTests */,
				DDA648BC2C619F5200F01858 /* SFBleToolUITests */,
				DDA6489A2C619F5100F01858 /* Products */,
				56BF08185ED182C7CD474D48 /* Pods */,
				DE4ABC1000AEBE48D45A01BA /* Frameworks */,
			);
			sourceTree = "<group>";
		};
		DDA6489A2C619F5100F01858 /* Products */ = {
			isa = PBXGroup;
			children = (
				DDA648992C619F5100F01858 /* SFBleTool.app */,
				DDA648AF2C619F5200F01858 /* SFBleToolTests.xctest */,
				DDA648B92C619F5200F01858 /* SFBleToolUITests.xctest */,
			);
			name = Products;
			sourceTree = "<group>";
		};
		DDA6489B2C619F5100F01858 /* SFBleTool */ = {
			isa = PBXGroup;
			children = (
				DD5952D82D0936F4003F5781 /* AppDelegate */,
				DD5952D92D093700003F5781 /* SceneDelegate */,
				DDFA63F22C635306002E93F3 /* SFUserDefault.swift */,
				51A613AA2C76216C005990FC /* Todo.swift */,
				DD6C32202D0FFE42009AE2D1 /* Api */,
				DD56B5672D068A0B00657DC1 /* Database */,
				51B7A29D2CFAAD230067D609 /* DataProvider */,
				51DF13A12CF1CF1400838578 /* Resource */,
				DDA648D42C61A85100F01858 /* Entrance */,
				51DF13AF2CF207A200838578 /* Home */,
				DDB895D72CF08AE400376F37 /* User */,
				DDB895A12CF0341C00376F37 /* Opt */,
				DD8BBB8A2C95200100DE12E5 /* Com */,
				DDA648A22C619F5100F01858 /* Main.storyboard */,
				DDA648A72C619F5200F01858 /* LaunchScreen.storyboard */,
				DDA648AA2C619F5200F01858 /* Info.plist */,
			);
			path = SFBleTool;
			sourceTree = "<group>";
		};
		DDA648B22C619F5200F01858 /* SFBleToolTests */ = {
			isa = PBXGroup;
			children = (
				DDA648B32C619F5200F01858 /* SFBleToolTests.swift */,
			);
			path = SFBleToolTests;
			sourceTree = "<group>";
		};
		DDA648BC2C619F5200F01858 /* SFBleToolUITests */ = {
			isa = PBXGroup;
			children = (
				DDA648BD2C619F5200F01858 /* SFBleToolUITests.swift */,
				DDA648BF2C619F5200F01858 /* SFBleToolUITestsLaunchTests.swift */,
			);
			path = SFBleToolUITests;
			sourceTree = "<group>";
		};
		DDA648D42C61A85100F01858 /* Entrance */ = {
			isa = PBXGroup;
			children = (
				DDA648CC2C61A1E300F01858 /* SFEntranceVC.swift */,
				DDA648D52C61A86D00F01858 /* SFEntranceOptView.swift */,
			);
			path = Entrance;
			sourceTree = "<group>";
		};
		DDB518F52C6C4AA400A049DE /* PeripheralList */ = {
			isa = PBXGroup;
			children = (
				51A613A22C74DA89005990FC /* Connect */,
				51A6139D2C74BE2B005990FC /* Header */,
				5175ADAD2C64F4AF00C9260A /* PeripheralListCell.swift */,
				DDA648CE2C61A3DE00F01858 /* PeripheralListVC.swift */,
				51A6139E2C74C25A005990FC /* PeripheralModel.swift */,
			);
			path = PeripheralList;
			sourceTree = "<group>";
		};
		DDB518F72C6C523200A049DE /* PeripheralDetail */ = {
			isa = PBXGroup;
			children = (
				DDB518F82C6C526300A049DE /* SFCMPeripheralDetailVC.swift */,
				DDB519032C6C751A00A049DE /* SFCMPeripheralDetailSegmentView.swift */,
				DD630C042C966CDA00A24C35 /* SFCMPeripheralDetailHeaderView.swift */,
				DDAC3D702C6F47F700AA87B4 /* SFCMPeripheralDetailTitleView.swift */,
				DDB518FA2C6C721E00A049DE /* Adv */,
				DDB518FB2C6C722A00A049DE /* Service */,
				DDB518FC2C6C723C00A049DE /* Log */,
			);
			path = PeripheralDetail;
			sourceTree = "<group>";
		};
		DDB518FA2C6C721E00A049DE /* Adv */ = {
			isa = PBXGroup;
			children = (
				DDB518FD2C6C728300A049DE /* SFCMPeripheralAdvDetailVC.swift */,
				DDAC3D632C6DF66300AA87B4 /* SFCMPeripheralAdvDetailCell.swift */,
				DD630BFE2C965C4100A24C35 /* SFCMPeripheralAdvDetailItem.swift */,
			);
			path = Adv;
			sourceTree = "<group>";
		};
		DDB518FB2C6C722A00A049DE /* Service */ = {
			isa = PBXGroup;
			children = (
				DDB518FF2C6C72C400A049DE /* SFCMPeripheralServiceDetailVC.swift */,
			);
			path = Service;
			sourceTree = "<group>";
		};
		DDB518FC2C6C723C00A049DE /* Log */ = {
			isa = PBXGroup;
			children = (
				DDB519012C6C72E200A049DE /* SFCMPeripheralLogDetailVC.swift */,
				DDAC3D722C6F512700AA87B4 /* SFCMPeripheralLogCell.swift */,
			);
			path = Log;
			sourceTree = "<group>";
		};
		DDB895A12CF0341C00376F37 /* Opt */ = {
			isa = PBXGroup;
			children = (
				51DF13BC2CF2AF5100838578 /* Base */,
				51DF13B82CF2AE8400838578 /* Server */,
				51DF13B72CF2AE7A00838578 /* Client */,
			);
			path = Opt;
			sourceTree = "<group>";
		};
		DDB895D72CF08AE400376F37 /* User */ = {
			isa = PBXGroup;
			children = (
				DDB895D82CF08B0400376F37 /* UserCenterVC.swift */,
				DDB895DA2CF08B3300376F37 /* UserCenterItem.swift */,
				DDB895DC2CF08C8F00376F37 /* UserCenterCell.swift */,
				DDF08C022C85BC5900FB4B48 /* UserCenterHeader.swift */,
				DD214E852CF84C5000D0D493 /* BTUserModel.swift */,
				DD2D06162D12CA4A002F02E8 /* BTUserModelJSON.swift */,
			);
			path = User;
			sourceTree = "<group>";
		};
		DDB895DE2CF0910800376F37 /* Client */ = {
			isa = PBXGroup;
			children = (
				DDB518F52C6C4AA400A049DE /* PeripheralList */,
				DDB518F72C6C523200A049DE /* PeripheralDetail */,
			);
			path = Client;
			sourceTree = "<group>";
		};
		DDB895DF2CF0911500376F37 /* Server */ = {
			isa = PBXGroup;
			children = (
				DDA648D02C61A3F000F01858 /* CentralListVC.swift */,
			);
			path = Server;
			sourceTree = "<group>";
		};
		DDE09DAB2C7470E000E456B7 /* Filter */ = {
			isa = PBXGroup;
			children = (
				DDFA63FC2C636856002E93F3 /* PeripheralListFilterView.swift */,
				DDE09DAC2C7470FB00E456B7 /* PeripheralListFilterModel.swift */,
			);
			path = Filter;
			sourceTree = "<group>";
		};
		DDE09DAE2C74739300E456B7 /* Sort */ = {
			isa = PBXGroup;
			children = (
				DDFA63FA2C636804002E93F3 /* PeripheralListSortView.swift */,
				DDE09DAF2C7473AA00E456B7 /* PeripheralListSortModel.swift */,
			);
			path = Sort;
			sourceTree = "<group>";
		};
		DDE09DB12C7473BD00E456B7 /* Search */ = {
			isa = PBXGroup;
			children = (
				DDFA63F82C6367F2002E93F3 /* PeripheralListSearchView.swift */,
				DDE09DB22C7473E400E456B7 /* PeripheralListSearchModel.swift */,
			);
			path = Search;
			sourceTree = "<group>";
		};
		DE4ABC1000AEBE48D45A01BA /* Frameworks */ = {
			isa = PBXGroup;
			children = (
				4144B822BDD27C9242CA25FB /* Pods_SFBleTool.framework */,
			);
			name = Frameworks;
			sourceTree = "<group>";
		};
/* End PBXGroup section */

/* Begin PBXNativeTarget section */
		DDA648982C619F5100F01858 /* SFBleTool */ = {
			isa = PBXNativeTarget;
			buildConfigurationList = DDA648C32C619F5200F01858 /* Build configuration list for PBXNativeTarget "SFBleTool" */;
			buildPhases = (
				0F9E7C98EB0677A49B5BB0D5 /* [CP] Check Pods Manifest.lock */,
				DDA648952C619F5100F01858 /* Sources */,
				DDA648962C619F5100F01858 /* Frameworks */,
				DDA648972C619F5100F01858 /* Resources */,
				3030995ECB9658675ADB517F /* [CP] Embed Pods Frameworks */,
			);
			buildRules = (
			);
			dependencies = (
			);
			name = SFBleTool;
			productName = SFBleTool;
			productReference = DDA648992C619F5100F01858 /* SFBleTool.app */;
			productType = "com.apple.product-type.application";
		};
		DDA648AE2C619F5200F01858 /* SFBleToolTests */ = {
			isa = PBXNativeTarget;
			buildConfigurationList = DDA648C62C619F5200F01858 /* Build configuration list for PBXNativeTarget "SFBleToolTests" */;
			buildPhases = (
				DDA648AB2C619F5200F01858 /* Sources */,
				DDA648AC2C619F5200F01858 /* Frameworks */,
				DDA648AD2C619F5200F01858 /* Resources */,
			);
			buildRules = (
			);
			dependencies = (
				DDA648B12C619F5200F01858 /* PBXTargetDependency */,
			);
			name = SFBleToolTests;
			productName = SFBleToolTests;
			productReference = DDA648AF2C619F5200F01858 /* SFBleToolTests.xctest */;
			productType = "com.apple.product-type.bundle.unit-test";
		};
		DDA648B82C619F5200F01858 /* SFBleToolUITests */ = {
			isa = PBXNativeTarget;
			buildConfigurationList = DDA648C92C619F5200F01858 /* Build configuration list for PBXNativeTarget "SFBleToolUITests" */;
			buildPhases = (
				DDA648B52C619F5200F01858 /* Sources */,
				DDA648B62C619F5200F01858 /* Frameworks */,
				DDA648B72C619F5200F01858 /* Resources */,
			);
			buildRules = (
			);
			dependencies = (
				DDA648BB2C619F5200F01858 /* PBXTargetDependency */,
			);
			name = SFBleToolUITests;
			productName = SFBleToolUITests;
			productReference = DDA648B92C619F5200F01858 /* SFBleToolUITests.xctest */;
			productType = "com.apple.product-type.bundle.ui-testing";
		};
/* End PBXNativeTarget section */

/* Begin PBXProject section */
		DDA648912C619F5100F01858 /* Project object */ = {
			isa = PBXProject;
			attributes = {
				BuildIndependentTargetsInParallel = 1;
				LastSwiftUpdateCheck = 1530;
				LastUpgradeCheck = 1530;
				TargetAttributes = {
					DDA648982C619F5100F01858 = {
						CreatedOnToolsVersion = 15.3;
					};
					DDA648AE2C619F5200F01858 = {
						CreatedOnToolsVersion = 15.3;
						TestTargetID = DDA648982C619F5100F01858;
					};
					DDA648B82C619F5200F01858 = {
						CreatedOnToolsVersion = 15.3;
						TestTargetID = DDA648982C619F5100F01858;
					};
				};
			};
			buildConfigurationList = DDA648942C619F5100F01858 /* Build configuration list for PBXProject "SFBleTool" */;
			compatibilityVersion = "Xcode 14.0";
			developmentRegion = "zh-Hans";
			hasScannedForEncodings = 0;
			knownRegions = (
				en,
				Base,
				"zh-Hans",
			);
			mainGroup = DDA648902C619F5100F01858;
			productRefGroup = DDA6489A2C619F5100F01858 /* Products */;
			projectDirPath = "";
			projectRoot = "";
			targets = (
				DDA648982C619F5100F01858 /* SFBleTool */,
				DDA648AE2C619F5200F01858 /* SFBleToolTests */,
				DDA648B82C619F5200F01858 /* SFBleToolUITests */,
			);
		};
/* End PBXProject section */

/* Begin PBXResourcesBuildPhase section */
		DDA648972C619F5100F01858 /* Resources */ = {
			isa = PBXResourcesBuildPhase;
			buildActionMask = 2147483647;
			files = (
				DDA648A62C619F5200F01858 /* Assets.xcassets in Resources */,
				DDA648A92C619F5200F01858 /* Base in Resources */,
				51DF13A02CF1CEA600838578 /* Localizable.xcstrings in Resources */,
				DDA648A42C619F5100F01858 /* Base in Resources */,
				DDFA63EA2C6339BE002E93F3 /* LaunchScreen.storyboard in Resources */,
				DDFA63E72C6339B8002E93F3 /* Main.storyboard in Resources */,
			);
			runOnlyForDeploymentPostprocessing = 0;
		};
		DDA648AD2C619F5200F01858 /* Resources */ = {
			isa = PBXResourcesBuildPhase;
			buildActionMask = 2147483647;
			files = (
			);
			runOnlyForDeploymentPostprocessing = 0;
		};
		DDA648B72C619F5200F01858 /* Resources */ = {
			isa = PBXResourcesBuildPhase;
			buildActionMask = 2147483647;
			files = (
			);
			runOnlyForDeploymentPostprocessing = 0;
		};
/* End PBXResourcesBuildPhase section */

/* Begin PBXShellScriptBuildPhase section */
		0F9E7C98EB0677A49B5BB0D5 /* [CP] Check Pods Manifest.lock */ = {
			isa = PBXShellScriptBuildPhase;
			buildActionMask = 2147483647;
			files = (
			);
			inputFileListPaths = (
			);
			inputPaths = (
				"${PODS_PODFILE_DIR_PATH}/Podfile.lock",
				"${PODS_ROOT}/Manifest.lock",
			);
			name = "[CP] Check Pods Manifest.lock";
			outputFileListPaths = (
			);
			outputPaths = (
				"$(DERIVED_FILE_DIR)/Pods-SFBleTool-checkManifestLockResult.txt",
			);
			runOnlyForDeploymentPostprocessing = 0;
			shellPath = /bin/sh;
			shellScript = "diff \"${PODS_PODFILE_DIR_PATH}/Podfile.lock\" \"${PODS_ROOT}/Manifest.lock\" > /dev/null\nif [ $? != 0 ] ; then\n    # print error to STDERR\n    echo \"error: The sandbox is not in sync with the Podfile.lock. Run 'pod install' or update your CocoaPods installation.\" >&2\n    exit 1\nfi\n# This output is used by Xcode 'outputs' to avoid re-running this script phase.\necho \"SUCCESS\" > \"${SCRIPT_OUTPUT_FILE_0}\"\n";
			showEnvVarsInLog = 0;
		};
		3030995ECB9658675ADB517F /* [CP] Embed Pods Frameworks */ = {
			isa = PBXShellScriptBuildPhase;
			buildActionMask = 2147483647;
			files = (
			);
			inputFileListPaths = (
				"${PODS_ROOT}/Target Support Files/Pods-SFBleTool/Pods-SFBleTool-frameworks-${CONFIGURATION}-input-files.xcfilelist",
			);
			name = "[CP] Embed Pods Frameworks";
			outputFileListPaths = (
				"${PODS_ROOT}/Target Support Files/Pods-SFBleTool/Pods-SFBleTool-frameworks-${CONFIGURATION}-output-files.xcfilelist",
			);
			runOnlyForDeploymentPostprocessing = 0;
			shellPath = /bin/sh;
			shellScript = "\"${PODS_ROOT}/Target Support Files/Pods-SFBleTool/Pods-SFBleTool-frameworks.sh\"\n";
			showEnvVarsInLog = 0;
		};
/* End PBXShellScriptBuildPhase section */

/* Begin PBXSourcesBuildPhase section */
		DDA648952C619F5100F01858 /* Sources */ = {
			isa = PBXSourcesBuildPhase;
			buildActionMask = 2147483647;
			files = (
				DD630BFF2C965C4100A24C35 /* SFCMPeripheralAdvDetailItem.swift in Sources */,
				DDAC3D732C6F512700AA87B4 /* SFCMPeripheralLogCell.swift in Sources */,
				DD6C32272D100098009AE2D1 /* DbOptDataProvider.swift in Sources */,
				51B7A2BD2CFAAF660067D609 /* DbDataProvider.swift in Sources */,
				DDFA63F92C6367F2002E93F3 /* PeripheralListSearchView.swift in Sources */,
				DDB518FE2C6C728300A049DE /* SFCMPeripheralAdvDetailVC.swift in Sources */,
				DDA648D12C61A3F000F01858 /* CentralListVC.swift in Sources */,
				DD2D06192D12D4AB002F02E8 /* OptModelJSON.swift in Sources */,
				DDAC3D712C6F47F700AA87B4 /* SFCMPeripheralDetailTitleView.swift in Sources */,
				DDB895DB2CF08B3300376F37 /* UserCenterItem.swift in Sources */,
				DDA6489D2C619F5100F01858 /* AppDelegate.swift in Sources */,
				DDFA63FD2C636856002E93F3 /* PeripheralListFilterView.swift in Sources */,
				51DF13B12CF207DE00838578 /* HomeVC.swift in Sources */,
				5175ADB02C64FA1D00C9260A /* SFRssiView.swift in Sources */,
				DDE09DB32C7473E400E456B7 /* PeripheralListSearchModel.swift in Sources */,
				DDE09DAD2C7470FB00E456B7 /* PeripheralListFilterModel.swift in Sources */,
				51DF13A92CF1CF1400838578 /* SFImage.swift in Sources */,
				DDB895C12CF0804B00376F37 /* OptListVC.swift in Sources */,
				DDB895BF2CF07F2200376F37 /* OptDetailVC.swift in Sources */,
				DDA648CF2C61A3DE00F01858 /* PeripheralListVC.swift in Sources */,
				DDB519042C6C751A00A049DE /* SFCMPeripheralDetailSegmentView.swift in Sources */,
				DDB519022C6C72E200A049DE /* SFCMPeripheralLogDetailVC.swift in Sources */,
				51A613AB2C76216C005990FC /* Todo.swift in Sources */,
				51A6139F2C74C25A005990FC /* PeripheralModel.swift in Sources */,
				DDB895DD2CF08C8F00376F37 /* UserCenterCell.swift in Sources */,
				DD5952DB2D09377D003F5781 /* LaunchConfig.swift in Sources */,
				51DF13A62CF1CF1400838578 /* SFColor.swift in Sources */,
				DDB895D62CF0878D00376F37 /* ClientConnectOptModel.swift in Sources */,
				5175ADAE2C64F4AF00C9260A /* PeripheralListCell.swift in Sources */,
				DD630C052C966CDA00A24C35 /* SFCMPeripheralDetailHeaderView.swift in Sources */,
				51B7A2BB2CFAAF540067D609 /* HttpDataProvider.swift in Sources */,
				51F77F402CF0A9D600B44CAB /* ClientScanOptModel.swift in Sources */,
				DDB895D42CF0877F00376F37 /* ClientInitialOptModel.swift in Sources */,
				DD0E2EBD2CF46A0500200456 /* OptDetailHeader.swift in Sources */,
				DDF08C032C85BC5900FB4B48 /* UserCenterHeader.swift in Sources */,
				DD6C32252D100085009AE2D1 /* DbUserDataProvider.swift in Sources */,
				DD214E862CF84C5000D0D493 /* BTUserModel.swift in Sources */,
				DDB895D92CF08B0400376F37 /* UserCenterVC.swift in Sources */,
				51DF13B32CF20CAF00838578 /* RootPage.swift in Sources */,
				DDFA63F72C636688002E93F3 /* PeripheralListHeader.swift in Sources */,
				DDB895B22CF06FF700376F37 /* OptDetailBoolCell.swift in Sources */,
				DDB518F92C6C526300A049DE /* SFCMPeripheralDetailVC.swift in Sources */,
				DDE09DB02C7473AA00E456B7 /* PeripheralListSortModel.swift in Sources */,
				51A613A62C74DABD005990FC /* SFCMConnectModel.swift in Sources */,
				51A613A12C74C75F005990FC /* PeripheralListHeaderModel.swift in Sources */,
				51DF13A72CF1CF1400838578 /* SFFont.swift in Sources */,
				DDA6489F2C619F5100F01858 /* SceneDelegate.swift in Sources */,
				DDFA63F32C635306002E93F3 /* SFUserDefault.swift in Sources */,
				DD4579BE2D003E42001FFCBD /* BuildInData.swift in Sources */,
				DDB895B42CF0720900376F37 /* OptDetailCell.swift in Sources */,
				51DF13BE2CF2B1BC00838578 /* ClientOptVC.swift in Sources */,
				DD56B5662D0689F100657DC1 /* ServerDatabase.swift in Sources */,
				DD0E2EB62CF4496E00200456 /* OptItem.swift in Sources */,
				DDFA63FB2C636804002E93F3 /* PeripheralListSortView.swift in Sources */,
				DDB519002C6C72C400A049DE /* SFCMPeripheralServiceDetailVC.swift in Sources */,
				DD6C32222D0FFE87009AE2D1 /* OptApi.swift in Sources */,
				DDAC3D642C6DF66300AA87B4 /* SFCMPeripheralAdvDetailCell.swift in Sources */,
				DDA648CD2C61A1E300F01858 /* SFEntranceVC.swift in Sources */,
				DDB895B02CF06D5100376F37 /* OptDetailStringCell.swift in Sources */,
				DD56B5642D0689E700657DC1 /* ClientDatabase.swift in Sources */,
				DD0E2EB82CF4652500200456 /* OptModel.swift in Sources */,
				51DF13A82CF1CF1400838578 /* SFText.swift in Sources */,
				51A613A42C74DAAA005990FC /* SFCMConnectView.swift in Sources */,
				DDB895C52CF0810F00376F37 /* OptListCell.swift in Sources */,
				DDB895C32CF0807200376F37 /* OptItemModel.swift in Sources */,
				51DF13C42CF8B63B00838578 /* OptType.swift in Sources */,
				DDA648D62C61A86D00F01858 /* SFEntranceOptView.swift in Sources */,
				DD2D06292D1435EC002F02E8 /* OptDetailNameView.swift in Sources */,
				DD2D06172D12CA4A002F02E8 /* BTUserModelJSON.swift in Sources */,
			);
			runOnlyForDeploymentPostprocessing = 0;
		};
		DDA648AB2C619F5200F01858 /* Sources */ = {
			isa = PBXSourcesBuildPhase;
			buildActionMask = 2147483647;
			files = (
				DDA648B42C619F5200F01858 /* SFBleToolTests.swift in Sources */,
			);
			runOnlyForDeploymentPostprocessing = 0;
		};
		DDA648B52C619F5200F01858 /* Sources */ = {
			isa = PBXSourcesBuildPhase;
			buildActionMask = 2147483647;
			files = (
				DDA648BE2C619F5200F01858 /* SFBleToolUITests.swift in Sources */,
				DDA648C02C619F5200F01858 /* SFBleToolUITestsLaunchTests.swift in Sources */,
			);
			runOnlyForDeploymentPostprocessing = 0;
		};
/* End PBXSourcesBuildPhase section */

/* Begin PBXTargetDependency section */
		DDA648B12C619F5200F01858 /* PBXTargetDependency */ = {
			isa = PBXTargetDependency;
			target = DDA648982C619F5100F01858 /* SFBleTool */;
			targetProxy = DDA648B02C619F5200F01858 /* PBXContainerItemProxy */;
		};
		DDA648BB2C619F5200F01858 /* PBXTargetDependency */ = {
			isa = PBXTargetDependency;
			target = DDA648982C619F5100F01858 /* SFBleTool */;
			targetProxy = DDA648BA2C619F5200F01858 /* PBXContainerItemProxy */;
		};
/* End PBXTargetDependency section */

/* Begin PBXVariantGroup section */
		DDA648A22C619F5100F01858 /* Main.storyboard */ = {
			isa = PBXVariantGroup;
			children = (
				DDA648A32C619F5100F01858 /* Base */,
				DDFA63E32C633912002E93F3 /* zh-Hans */,
				DDFA63E62C6339B4002E93F3 /* en */,
			);
			name = Main.storyboard;
			sourceTree = "<group>";
		};
		DDA648A72C619F5200F01858 /* LaunchScreen.storyboard */ = {
			isa = PBXVariantGroup;
			children = (
				DDA648A82C619F5200F01858 /* Base */,
				DDFA63E42C633912002E93F3 /* zh-Hans */,
				DDFA63E92C6339BD002E93F3 /* en */,
			);
			name = LaunchScreen.storyboard;
			sourceTree = "<group>";
		};
/* End PBXVariantGroup section */

/* Begin XCBuildConfiguration section */
		DDA648C12C619F5200F01858 /* Debug */ = {
			isa = XCBuildConfiguration;
			buildSettings = {
				ALWAYS_SEARCH_USER_PATHS = NO;
				ASSETCATALOG_COMPILER_GENERATE_SWIFT_ASSET_SYMBOL_EXTENSIONS = YES;
				CLANG_ANALYZER_LOCALIZABILITY_NONLOCALIZED = YES;
				CLANG_ANALYZER_NONNULL = YES;
				CLANG_ANALYZER_NUMBER_OBJECT_CONVERSION = YES_AGGRESSIVE;
				CLANG_CXX_LANGUAGE_STANDARD = "gnu++20";
				CLANG_ENABLE_MODULES = YES;
				CLANG_ENABLE_OBJC_ARC = YES;
				CLANG_ENABLE_OBJC_WEAK = YES;
				CLANG_WARN_BLOCK_CAPTURE_AUTORELEASING = YES;
				CLANG_WARN_BOOL_CONVERSION = YES;
				CLANG_WARN_COMMA = YES;
				CLANG_WARN_CONSTANT_CONVERSION = YES;
				CLANG_WARN_DEPRECATED_OBJC_IMPLEMENTATIONS = YES;
				CLANG_WARN_DIRECT_OBJC_ISA_USAGE = YES_ERROR;
				CLANG_WARN_DOCUMENTATION_COMMENTS = YES;
				CLANG_WARN_EMPTY_BODY = YES;
				CLANG_WARN_ENUM_CONVERSION = YES;
				CLANG_WARN_INFINITE_RECURSION = YES;
				CLANG_WARN_INT_CONVERSION = YES;
				CLANG_WARN_NON_LITERAL_NULL_CONVERSION = YES;
				CLANG_WARN_OBJC_IMPLICIT_RETAIN_SELF = YES;
				CLANG_WARN_OBJC_LITERAL_CONVERSION = YES;
				CLANG_WARN_OBJC_ROOT_CLASS = YES_ERROR;
				CLANG_WARN_QUOTED_INCLUDE_IN_FRAMEWORK_HEADER = YES;
				CLANG_WARN_RANGE_LOOP_ANALYSIS = YES;
				CLANG_WARN_STRICT_PROTOTYPES = YES;
				CLANG_WARN_SUSPICIOUS_MOVE = YES;
				CLANG_WARN_UNGUARDED_AVAILABILITY = YES_AGGRESSIVE;
				CLANG_WARN_UNREACHABLE_CODE = YES;
				CLANG_WARN__DUPLICATE_METHOD_MATCH = YES;
				COPY_PHASE_STRIP = NO;
				DEBUG_INFORMATION_FORMAT = dwarf;
				ENABLE_STRICT_OBJC_MSGSEND = YES;
				ENABLE_TESTABILITY = YES;
				ENABLE_USER_SCRIPT_SANDBOXING = NO;
				GCC_C_LANGUAGE_STANDARD = gnu17;
				GCC_DYNAMIC_NO_PIC = NO;
				GCC_NO_COMMON_BLOCKS = YES;
				GCC_OPTIMIZATION_LEVEL = 0;
				GCC_PREPROCESSOR_DEFINITIONS = (
					"DEBUG=1",
					"$(inherited)",
				);
				GCC_WARN_64_TO_32_BIT_CONVERSION = YES;
				GCC_WARN_ABOUT_RETURN_TYPE = YES_ERROR;
				GCC_WARN_UNDECLARED_SELECTOR = YES;
				GCC_WARN_UNINITIALIZED_AUTOS = YES_AGGRESSIVE;
				GCC_WARN_UNUSED_FUNCTION = YES;
				GCC_WARN_UNUSED_VARIABLE = YES;
				IPHONEOS_DEPLOYMENT_TARGET = 14.0;
				LOCALIZATION_PREFERS_STRING_CATALOGS = YES;
				MTL_ENABLE_DEBUG_INFO = INCLUDE_SOURCE;
				MTL_FAST_MATH = YES;
				ONLY_ACTIVE_ARCH = YES;
				SDKROOT = iphoneos;
				SWIFT_ACTIVE_COMPILATION_CONDITIONS = "DEBUG $(inherited)";
				SWIFT_OPTIMIZATION_LEVEL = "-Onone";
			};
			name = Debug;
		};
		DDA648C22C619F5200F01858 /* Release */ = {
			isa = XCBuildConfiguration;
			buildSettings = {
				ALWAYS_SEARCH_USER_PATHS = NO;
				ASSETCATALOG_COMPILER_GENERATE_SWIFT_ASSET_SYMBOL_EXTENSIONS = YES;
				CLANG_ANALYZER_LOCALIZABILITY_NONLOCALIZED = YES;
				CLANG_ANALYZER_NONNULL = YES;
				CLANG_ANALYZER_NUMBER_OBJECT_CONVERSION = YES_AGGRESSIVE;
				CLANG_CXX_LANGUAGE_STANDARD = "gnu++20";
				CLANG_ENABLE_MODULES = YES;
				CLANG_ENABLE_OBJC_ARC = YES;
				CLANG_ENABLE_OBJC_WEAK = YES;
				CLANG_WARN_BLOCK_CAPTURE_AUTORELEASING = YES;
				CLANG_WARN_BOOL_CONVERSION = YES;
				CLANG_WARN_COMMA = YES;
				CLANG_WARN_CONSTANT_CONVERSION = YES;
				CLANG_WARN_DEPRECATED_OBJC_IMPLEMENTATIONS = YES;
				CLANG_WARN_DIRECT_OBJC_ISA_USAGE = YES_ERROR;
				CLANG_WARN_DOCUMENTATION_COMMENTS = YES;
				CLANG_WARN_EMPTY_BODY = YES;
				CLANG_WARN_ENUM_CONVERSION = YES;
				CLANG_WARN_INFINITE_RECURSION = YES;
				CLANG_WARN_INT_CONVERSION = YES;
				CLANG_WARN_NON_LITERAL_NULL_CONVERSION = YES;
				CLANG_WARN_OBJC_IMPLICIT_RETAIN_SELF = YES;
				CLANG_WARN_OBJC_LITERAL_CONVERSION = YES;
				CLANG_WARN_OBJC_ROOT_CLASS = YES_ERROR;
				CLANG_WARN_QUOTED_INCLUDE_IN_FRAMEWORK_HEADER = YES;
				CLANG_WARN_RANGE_LOOP_ANALYSIS = YES;
				CLANG_WARN_STRICT_PROTOTYPES = YES;
				CLANG_WARN_SUSPICIOUS_MOVE = YES;
				CLANG_WARN_UNGUARDED_AVAILABILITY = YES_AGGRESSIVE;
				CLANG_WARN_UNREACHABLE_CODE = YES;
				CLANG_WARN__DUPLICATE_METHOD_MATCH = YES;
				COPY_PHASE_STRIP = NO;
				DEBUG_INFORMATION_FORMAT = "dwarf-with-dsym";
				ENABLE_NS_ASSERTIONS = NO;
				ENABLE_STRICT_OBJC_MSGSEND = YES;
				ENABLE_USER_SCRIPT_SANDBOXING = NO;
				GCC_C_LANGUAGE_STANDARD = gnu17;
				GCC_NO_COMMON_BLOCKS = YES;
				GCC_WARN_64_TO_32_BIT_CONVERSION = YES;
				GCC_WARN_ABOUT_RETURN_TYPE = YES_ERROR;
				GCC_WARN_UNDECLARED_SELECTOR = YES;
				GCC_WARN_UNINITIALIZED_AUTOS = YES_AGGRESSIVE;
				GCC_WARN_UNUSED_FUNCTION = YES;
				GCC_WARN_UNUSED_VARIABLE = YES;
				IPHONEOS_DEPLOYMENT_TARGET = 14.0;
				LOCALIZATION_PREFERS_STRING_CATALOGS = YES;
				MTL_ENABLE_DEBUG_INFO = NO;
				MTL_FAST_MATH = YES;
				SDKROOT = iphoneos;
				SWIFT_COMPILATION_MODE = wholemodule;
				VALIDATE_PRODUCT = YES;
			};
			name = Release;
		};
		DDA648C42C619F5200F01858 /* Debug */ = {
			isa = XCBuildConfiguration;
			baseConfigurationReference = 3E6EC48F39B6D2CB4288A4C5 /* Pods-SFBleTool.debug.xcconfig */;
			buildSettings = {
				ASSETCATALOG_COMPILER_APPICON_NAME = AppIcon;
				ASSETCATALOG_COMPILER_GLOBAL_ACCENT_COLOR_NAME = AccentColor;
				CODE_SIGN_STYLE = Automatic;
				CURRENT_PROJECT_VERSION = 1;
				DEVELOPMENT_TEAM = K78MX7YJZE;
				GENERATE_INFOPLIST_FILE = YES;
				INFOPLIST_FILE = SFBleTool/Info.plist;
				INFOPLIST_KEY_CFBundleDisplayName = BleMessager;
				INFOPLIST_KEY_NSBluetoothAlwaysUsageDescription = "需要使用蓝牙";
				INFOPLIST_KEY_NSBluetoothPeripheralUsageDescription = "需要使用蓝牙";
				INFOPLIST_KEY_UIApplicationSupportsIndirectInputEvents = YES;
				INFOPLIST_KEY_UILaunchStoryboardName = LaunchScreen;
				INFOPLIST_KEY_UIMainStoryboardFile = Main;
				INFOPLIST_KEY_UISupportedInterfaceOrientations_iPad = "UIInterfaceOrientationPortrait UIInterfaceOrientationPortraitUpsideDown UIInterfaceOrientationLandscapeLeft UIInterfaceOrientationLandscapeRight";
				INFOPLIST_KEY_UISupportedInterfaceOrientations_iPhone = "UIInterfaceOrientationPortrait UIInterfaceOrientationLandscapeLeft UIInterfaceOrientationLandscapeRight";
				LD_RUNPATH_SEARCH_PATHS = (
					"$(inherited)",
					"@executable_path/Frameworks",
				);
				MARKETING_VERSION = 1.0;
				PRODUCT_BUNDLE_IDENTIFIER = com.hsf89757.ble.tool;
				PRODUCT_NAME = "$(TARGET_NAME)";
				SWIFT_EMIT_LOC_STRINGS = YES;
				SWIFT_VERSION = 5.0;
				TARGETED_DEVICE_FAMILY = "1,2";
			};
			name = Debug;
		};
		DDA648C52C619F5200F01858 /* Release */ = {
			isa = XCBuildConfiguration;
			baseConfigurationReference = 947209E9BB09B6D52FE5980D /* Pods-SFBleTool.release.xcconfig */;
			buildSettings = {
				ASSETCATALOG_COMPILER_APPICON_NAME = AppIcon;
				ASSETCATALOG_COMPILER_GLOBAL_ACCENT_COLOR_NAME = AccentColor;
				CODE_SIGN_STYLE = Automatic;
				CURRENT_PROJECT_VERSION = 1;
				DEVELOPMENT_TEAM = K78MX7YJZE;
				GENERATE_INFOPLIST_FILE = YES;
				INFOPLIST_FILE = SFBleTool/Info.plist;
				INFOPLIST_KEY_CFBundleDisplayName = BleMessager;
				INFOPLIST_KEY_NSBluetoothAlwaysUsageDescription = "需要使用蓝牙";
				INFOPLIST_KEY_NSBluetoothPeripheralUsageDescription = "需要使用蓝牙";
				INFOPLIST_KEY_UIApplicationSupportsIndirectInputEvents = YES;
				INFOPLIST_KEY_UILaunchStoryboardName = LaunchScreen;
				INFOPLIST_KEY_UIMainStoryboardFile = Main;
				INFOPLIST_KEY_UISupportedInterfaceOrientations_iPad = "UIInterfaceOrientationPortrait UIInterfaceOrientationPortraitUpsideDown UIInterfaceOrientationLandscapeLeft UIInterfaceOrientationLandscapeRight";
				INFOPLIST_KEY_UISupportedInterfaceOrientations_iPhone = "UIInterfaceOrientationPortrait UIInterfaceOrientationLandscapeLeft UIInterfaceOrientationLandscapeRight";
				LD_RUNPATH_SEARCH_PATHS = (
					"$(inherited)",
					"@executable_path/Frameworks",
				);
				MARKETING_VERSION = 1.0;
				PRODUCT_BUNDLE_IDENTIFIER = com.hsf89757.ble.tool;
				PRODUCT_NAME = "$(TARGET_NAME)";
				SWIFT_EMIT_LOC_STRINGS = YES;
				SWIFT_VERSION = 5.0;
				TARGETED_DEVICE_FAMILY = "1,2";
			};
			name = Release;
		};
		DDA648C72C619F5200F01858 /* Debug */ = {
			isa = XCBuildConfiguration;
			buildSettings = {
				ALWAYS_EMBED_SWIFT_STANDARD_LIBRARIES = YES;
				BUNDLE_LOADER = "$(TEST_HOST)";
				CODE_SIGN_STYLE = Automatic;
				CURRENT_PROJECT_VERSION = 1;
				DEVELOPMENT_TEAM = K78MX7YJZE;
				GENERATE_INFOPLIST_FILE = YES;
				IPHONEOS_DEPLOYMENT_TARGET = 17.4;
				MARKETING_VERSION = 1.0;
				PRODUCT_BUNDLE_IDENTIFIER = com.hsf89757.ble.tool.Tests;
				PRODUCT_NAME = "$(TARGET_NAME)";
				SWIFT_EMIT_LOC_STRINGS = NO;
				SWIFT_VERSION = 5.0;
				TARGETED_DEVICE_FAMILY = "1,2";
				TEST_HOST = "$(BUILT_PRODUCTS_DIR)/SFBleTool.app/$(BUNDLE_EXECUTABLE_FOLDER_PATH)/SFBleTool";
			};
			name = Debug;
		};
		DDA648C82C619F5200F01858 /* Release */ = {
			isa = XCBuildConfiguration;
			buildSettings = {
				ALWAYS_EMBED_SWIFT_STANDARD_LIBRARIES = YES;
				BUNDLE_LOADER = "$(TEST_HOST)";
				CODE_SIGN_STYLE = Automatic;
				CURRENT_PROJECT_VERSION = 1;
				DEVELOPMENT_TEAM = K78MX7YJZE;
				GENERATE_INFOPLIST_FILE = YES;
				IPHONEOS_DEPLOYMENT_TARGET = 17.4;
				MARKETING_VERSION = 1.0;
				PRODUCT_BUNDLE_IDENTIFIER = com.hsf89757.ble.tool.Tests;
				PRODUCT_NAME = "$(TARGET_NAME)";
				SWIFT_EMIT_LOC_STRINGS = NO;
				SWIFT_VERSION = 5.0;
				TARGETED_DEVICE_FAMILY = "1,2";
				TEST_HOST = "$(BUILT_PRODUCTS_DIR)/SFBleTool.app/$(BUNDLE_EXECUTABLE_FOLDER_PATH)/SFBleTool";
			};
			name = Release;
		};
		DDA648CA2C619F5200F01858 /* Debug */ = {
			isa = XCBuildConfiguration;
			buildSettings = {
				ALWAYS_EMBED_SWIFT_STANDARD_LIBRARIES = YES;
				CODE_SIGN_STYLE = Automatic;
				CURRENT_PROJECT_VERSION = 1;
				DEVELOPMENT_TEAM = K78MX7YJZE;
				GENERATE_INFOPLIST_FILE = YES;
				MARKETING_VERSION = 1.0;
				PRODUCT_BUNDLE_IDENTIFIER = com.hsf89757.ble.tool.UITests;
				PRODUCT_NAME = "$(TARGET_NAME)";
				SWIFT_EMIT_LOC_STRINGS = NO;
				SWIFT_VERSION = 5.0;
				TARGETED_DEVICE_FAMILY = "1,2";
				TEST_TARGET_NAME = SFBleTool;
			};
			name = Debug;
		};
		DDA648CB2C619F5200F01858 /* Release */ = {
			isa = XCBuildConfiguration;
			buildSettings = {
				ALWAYS_EMBED_SWIFT_STANDARD_LIBRARIES = YES;
				CODE_SIGN_STYLE = Automatic;
				CURRENT_PROJECT_VERSION = 1;
				DEVELOPMENT_TEAM = K78MX7YJZE;
				GENERATE_INFOPLIST_FILE = YES;
				MARKETING_VERSION = 1.0;
				PRODUCT_BUNDLE_IDENTIFIER = com.hsf89757.ble.tool.UITests;
				PRODUCT_NAME = "$(TARGET_NAME)";
				SWIFT_EMIT_LOC_STRINGS = NO;
				SWIFT_VERSION = 5.0;
				TARGETED_DEVICE_FAMILY = "1,2";
				TEST_TARGET_NAME = SFBleTool;
			};
			name = Release;
		};
/* End XCBuildConfiguration section */

/* Begin XCConfigurationList section */
		DDA648942C619F5100F01858 /* Build configuration list for PBXProject "SFBleTool" */ = {
			isa = XCConfigurationList;
			buildConfigurations = (
				DDA648C12C619F5200F01858 /* Debug */,
				DDA648C22C619F5200F01858 /* Release */,
			);
			defaultConfigurationIsVisible = 0;
			defaultConfigurationName = Release;
		};
		DDA648C32C619F5200F01858 /* Build configuration list for PBXNativeTarget "SFBleTool" */ = {
			isa = XCConfigurationList;
			buildConfigurations = (
				DDA648C42C619F5200F01858 /* Debug */,
				DDA648C52C619F5200F01858 /* Release */,
			);
			defaultConfigurationIsVisible = 0;
			defaultConfigurationName = Release;
		};
		DDA648C62C619F5200F01858 /* Build configuration list for PBXNativeTarget "SFBleToolTests" */ = {
			isa = XCConfigurationList;
			buildConfigurations = (
				DDA648C72C619F5200F01858 /* Debug */,
				DDA648C82C619F5200F01858 /* Release */,
			);
			defaultConfigurationIsVisible = 0;
			defaultConfigurationName = Release;
		};
		DDA648C92C619F5200F01858 /* Build configuration list for PBXNativeTarget "SFBleToolUITests" */ = {
			isa = XCConfigurationList;
			buildConfigurations = (
				DDA648CA2C619F5200F01858 /* Debug */,
				DDA648CB2C619F5200F01858 /* Release */,
			);
			defaultConfigurationIsVisible = 0;
			defaultConfigurationName = Release;
		};
/* End XCConfigurationList section */
	};
	rootObject = DDA648912C619F5100F01858 /* Project object */;
}
